
Microsoft Visual Studio Solution File, Format Version 12.00
# Visual Studio Version 17
VisualStudioVersion = 17.1.32228.430
MinimumVisualStudioVersion = 10.0.40219.1
Project("{FAE04EC0-301F-11D3-BF4B-00C04F79EFBC}") = "xLib.Application", "xLib.Application\xLib.Application.csproj", "{4B807E31-69DC-4A87-B4DD-B7AD025D1A0A}"
EndProject
Project("{FAE04EC0-301F-11D3-BF4B-00C04F79EFBC}") = "xLib.Domain", "xLib.Domain\xLib.Domain.csproj", "{74AF748B-ED79-4019-BE6C-1DB20AF3D6F7}"
EndProject
Project("{FAE04EC0-301F-11D3-BF4B-00C04F79EFBC}") = "xLib.Infastructure", "xLib.Infastructure\xLib.Infastructure.csproj", "{A3F5DFDA-D68C-4632-A14F-8D91AD6069E7}"
EndProject
Project("{FAE04EC0-301F-11D3-BF4B-00C04F79EFBC}") = "xLib.WebApp", "xLib.WebApp\xLib.WebApp.csproj", "{037A7468-BF62-4D11-B842-2FC4DAF9541F}"
EndProject
Global
	GlobalSection(SolutionConfigurationPlatforms) = preSolution
		Debug|Any CPU = Debug|Any CPU
		Release|Any CPU = Release|Any CPU
	EndGlobalSection
	GlobalSection(ProjectConfigurationPlatforms) = postSolution
		{4B807E31-69DC-4A87-B4DD-B7AD025D1A0A}.Debug|Any CPU.ActiveCfg = Debug|Any CPU
		{4B807E31-69DC-4A87-B4DD-B7AD025D1A0A}.Debug|Any CPU.Build.0 = Debug|Any CPU
		{4B807E31-69DC-4A87-B4DD-B7AD025D1A0A}.Release|Any CPU.ActiveCfg = Release|Any CPU
		{4B807E31-69DC-4A87-B4DD-B7AD025D1A0A}.Release|Any CPU.Build.0 = Release|Any CPU
		{74AF748B-ED79-4019-BE6C-1DB20AF3D6F7}.Debug|Any CPU.ActiveCfg = Debug|Any CPU
		{74AF748B-ED79-4019-BE6C-1DB20AF3D6F7}.Debug|Any CPU.Build.0 = Debug|Any CPU
		{74AF748B-ED79-4019-BE6C-1DB20AF3D6F7}.Release|Any CPU.ActiveCfg = Release|Any CPU
		{74AF748B-ED79-4019-BE6C-1DB20AF3D6F7}.Release|Any CPU.Build.0 = Release|Any CPU
		{A3F5DFDA-D68C-4632-A14F-8D91AD6069E7}.Debug|Any CPU.ActiveCfg = Debug|Any CPU
		{A3F5DFDA-D68C-4632-A14F-8D91AD6069E7}.Debug|Any CPU.Build.0 = Debug|Any CPU
		{A3F5DFDA-D68C-4632-A14F-8D91AD6069E7}.Release|Any CPU.ActiveCfg = Release|Any CPU
		{A3F5DFDA-D68C-4632-A14F-8D91AD6069E7}.Release|Any CPU.Build.0 = Release|Any CPU
		{037A7468-BF62-4D11-B842-2FC4DAF9541F}.Debug|Any CPU.ActiveCfg = Debug|Any CPU
		{037A7468-BF62-4D11-B842-2FC4DAF9541F}.Debug|Any CPU.Build.0 = Debug|Any CPU
		{037A7468-BF62-4D11-B842-2FC4DAF9541F}.Release|Any CPU.ActiveCfg = Release|Any CPU
		{037A7468-BF62-4D11-B842-2FC4DAF9541F}.Release|Any CPU.Build.0 = Release|Any CPU
	EndGlobalSection
	GlobalSection(SolutionProperties) = preSolution
		HideSolutionNode = FALSE
	EndGlobalSection
	GlobalSection(ExtensibilityGlobals) = postSolution
		SolutionGuid = {76B769D5-ED51-4A8F-8DB3-23CDA4DEA354}
	EndGlobalSection
EndGlobal
